
Microsoft Visual Studio Solution File, Format Version 12.00
# Visual Studio Version 16
VisualStudioVersion = 16.0.29411.108
MinimumVisualStudioVersion = 10.0.40219.1
Project("{FAE04EC0-301F-11D3-BF4B-00C04F79EFBC}") = "LojaRoupas", "LojaRoupas.csproj", "{4849CE1E-0129-4A70-9C7B-4E1C5CDD297A}"
EndProject
Global
	GlobalSection(SolutionConfigurationPlatforms) = preSolution
		Debug|Any CPU = Debug|Any CPU
		Release|Any CPU = Release|Any CPU
	EndGlobalSection
	GlobalSection(ProjectConfigurationPlatforms) = postSolution
		{4849CE1E-0129-4A70-9C7B-4E1C5CDD297A}.Debug|Any CPU.ActiveCfg = Debug|Any CPU
		{4849CE1E-0129-4A70-9C7B-4E1C5CDD297A}.Debug|Any CPU.Build.0 = Debug|Any CPU
		{4849CE1E-0129-4A70-9C7B-4E1C5CDD297A}.Release|Any CPU.ActiveCfg = Release|Any CPU
		{4849CE1E-0129-4A70-9C7B-4E1C5CDD297A}.Release|Any CPU.Build.0 = Release|Any CPU
	EndGlobalSection
	GlobalSection(SolutionProperties) = preSolution
		HideSolutionNode = FALSE
	EndGlobalSection
	GlobalSection(ExtensibilityGlobals) = postSolution
		SolutionGuid = {C9DCDCD1-E6AD-49F1-9619-0884BDFAD571}
	EndGlobalSection
EndGlobal
